
Microsoft Visual Studio Solution File, Format Version 12.00
# Visual Studio Version 16
VisualStudioVersion = 16.0.31624.102
MinimumVisualStudioVersion = 10.0.40219.1
Project("{FAE04EC0-301F-11D3-BF4B-00C04F79EFBC}") = "ServerTcp", "ConsoleApp12\ServerTcp.csproj", "{61607C32-155C-4AEC-A903-D193DA95149A}"
EndProject
Project("{FAE04EC0-301F-11D3-BF4B-00C04F79EFBC}") = "ClientTcp", "ClientTcp\ClientTcp.csproj", "{24DC5EAC-BA72-4F75-9A96-33E7DD3FCC0B}"
EndProject
Global
	GlobalSection(SolutionConfigurationPlatforms) = preSolution
		Debug|Any CPU = Debug|Any CPU
		Release|Any CPU = Release|Any CPU
	EndGlobalSection
	GlobalSection(ProjectConfigurationPlatforms) = postSolution
		{61607C32-155C-4AEC-A903-D193DA95149A}.Debug|Any CPU.ActiveCfg = Debug|Any CPU
		{61607C32-155C-4AEC-A903-D193DA95149A}.Debug|Any CPU.Build.0 = Debug|Any CPU
		{61607C32-155C-4AEC-A903-D193DA95149A}.Release|Any CPU.ActiveCfg = Release|Any CPU
		{61607C32-155C-4AEC-A903-D193DA95149A}.Release|Any CPU.Build.0 = Release|Any CPU
		{24DC5EAC-BA72-4F75-9A96-33E7DD3FCC0B}.Debug|Any CPU.ActiveCfg = Debug|Any CPU
		{24DC5EAC-BA72-4F75-9A96-33E7DD3FCC0B}.Debug|Any CPU.Build.0 = Debug|Any CPU
		{24DC5EAC-BA72-4F75-9A96-33E7DD3FCC0B}.Release|Any CPU.ActiveCfg = Release|Any CPU
		{24DC5EAC-BA72-4F75-9A96-33E7DD3FCC0B}.Release|Any CPU.Build.0 = Release|Any CPU
	EndGlobalSection
	GlobalSection(SolutionProperties) = preSolution
		HideSolutionNode = FALSE
	EndGlobalSection
	GlobalSection(ExtensibilityGlobals) = postSolution
		SolutionGuid = {BD7ED4F9-8976-4F98-89CF-8DD6042EBB77}
	EndGlobalSection
EndGlobal
